# This file is automatically @generated by Poetry 1.8.3 and should not be changed by hand.

[[package]]
name = "fsrs"
version = "2.5.1"
description = "Free Spaced Repetition Scheduler"
optional = false
python-versions = ">=3.9"
files = [
    {file = "fsrs-2.5.1-py3-none-any.whl", hash = "sha256:2c6cbc4a759f6603bc6eeda663c5091a600333f1cde28025e893b8bbd293f879"},
    {file = "fsrs-2.5.1.tar.gz", hash = "sha256:0a02fd3c1dede612272bcad32de4097b1a6e778d95b704531c40480de73f2977"},
]

[[package]]
name = "libsql-experimental"
version = "0.0.34"
description = ""
optional = false
python-versions = ">=3.7"
files = [
    {file = "libsql_experimental-0.0.34-cp310-cp310-macosx_10_12_x86_64.whl", hash = "sha256:2e048d67e4c1695c752c52e27b046ed3cb14de736a75de1ea57eae05f6062868"},
    {file = "libsql_experimental-0.0.34-cp310-cp310-macosx_11_0_arm64.whl", hash = "sha256:35f130cbae0635ef80fdeb6c249bc5c5f7af6ed7a9a0704ac5406dcbba680f7f"},
    {file = "libsql_experimental-0.0.34-cp310-cp310-manylinux_2_17_x86_64.manylinux2014_x86_64.whl", hash = "sha256:eabf41e06cbcdbdcfbe180d837e8b72515bccaec8bf7caeafce1ba9744dc29fa"},
    {file = "libsql_experimental-0.0.34-cp311-cp311-macosx_10_12_x86_64.whl", hash = "sha256:0a20a03910ce076cd66d057d90ee3d17fdf256329fa1de091cdd52324af5b944"},
    {file = "libsql_experimental-0.0.34-cp311-cp311-macosx_11_0_arm64.whl", hash = "sha256:0fd7b1a72d9c9943ca6847a5070ce69484898b829ac3a84f6a099c392e29ae49"},
    {file = "libsql_experimental-0.0.34-cp311-cp311-manylinux_2_17_x86_64.manylinux2014_x86_64.whl", hash = "sha256:6a909ad7ad485959e2d167bd397d83456dd2268552b88af62c04ec3af84d76bb"},
    {file = "libsql_experimental-0.0.34-cp312-cp312-macosx_10_12_x86_64.whl", hash = "sha256:04204a40967e07860cb0cc3a125d88de89345379d3947bab0429945dc7711dbb"},
    {file = "libsql_experimental-0.0.34-cp312-cp312-macosx_11_0_arm64.whl", hash = "sha256:6d8a3b7b8d4ae1427473ded2c0c252c95468f0686fad379b34e882364d330c03"},
    {file = "libsql_experimental-0.0.34-cp312-cp312-manylinux_2_17_x86_64.manylinux2014_x86_64.whl", hash = "sha256:fa135b3c90e45eadae6271dad94e4544917b0941582297009b7cc0bc892e1d1e"},
    {file = "libsql_experimental-0.0.34-cp37-cp37m-manylinux_2_17_x86_64.manylinux2014_x86_64.whl", hash = "sha256:8e187e031577f8d98415b9af7555804b08856217cf04f98e4c15ce7f285fba34"},
    {file = "libsql_experimental-0.0.34-cp38-cp38-manylinux_2_17_x86_64.manylinux2014_x86_64.whl", hash = "sha256:e830483a1600421b3888a0c48dcfb3c435d499c8daa3e208c677bc7bb99dfa2b"},
    {file = "libsql_experimental-0.0.34-cp39-cp39-manylinux_2_17_x86_64.manylinux2014_x86_64.whl", hash = "sha256:926d4e3f048c6d4e5bc738a841acbcc6a82e55f63da72dbe9d88e098fb68d5d8"},
    {file = "libsql_experimental-0.0.34-pp310-pypy310_pp73-manylinux_2_17_x86_64.manylinux2014_x86_64.whl", hash = "sha256:bb39098c5b7713bd8a73112cb1b2e81d0bc1008a527b2461aee1e359874ace0e"},
    {file = "libsql_experimental-0.0.34-pp37-pypy37_pp73-manylinux_2_17_x86_64.manylinux2014_x86_64.whl", hash = "sha256:34ccae33f8ed52373e6ff53d0f56dcfe4acadba612c7cc1cfbd1626f3ffe07ca"},
    {file = "libsql_experimental-0.0.34-pp38-pypy38_pp73-manylinux_2_17_x86_64.manylinux2014_x86_64.whl", hash = "sha256:46d87316a140db708eddcf7f436294a619a72495a9ca19cdba0125413d6eec64"},
    {file = "libsql_experimental-0.0.34-pp39-pypy39_pp73-manylinux_2_17_x86_64.manylinux2014_x86_64.whl", hash = "sha256:ad0e843551c10278a2691d7bb6328cecb957f8cea6ea1e62c90c9141ef7aab21"},
    {file = "libsql_experimental-0.0.34.tar.gz", hash = "sha256:10f13fc81b1b1e741fd42a73022101a00c314364d0e615ad91658f3344ac855d"},
]

[[package]]
name = "linkify-it-py"
version = "2.0.3"
description = "Links recognition library with FULL unicode support."
optional = false
python-versions = ">=3.7"
files = [
    {file = "linkify-it-py-2.0.3.tar.gz", hash = "sha256:68cda27e162e9215c17d786649d1da0021a451bdc436ef9e0fa0ba5234b9b048"},
    {file = "linkify_it_py-2.0.3-py3-none-any.whl", hash = "sha256:6bcbc417b0ac14323382aef5c5192c0075bf8a9d6b41820a2b66371eac6b6d79"},
]

[package.dependencies]
uc-micro-py = "*"

[package.extras]
benchmark = ["pytest", "pytest-benchmark"]
dev = ["black", "flake8", "isort", "pre-commit", "pyproject-flake8"]
doc = ["myst-parser", "sphinx", "sphinx-book-theme"]
test = ["coverage", "pytest", "pytest-cov"]

[[package]]
name = "markdown-it-py"
version = "3.0.0"
description = "Python port of markdown-it. Markdown parsing, done right!"
optional = false
python-versions = ">=3.8"
files = [
    {file = "markdown-it-py-3.0.0.tar.gz", hash = "sha256:e3f60a94fa066dc52ec76661e37c851cb232d92f9886b15cb560aaada2df8feb"},
    {file = "markdown_it_py-3.0.0-py3-none-any.whl", hash = "sha256:355216845c60bd96232cd8d8c40e8f9765cc86f46880e43a8fd22dc1a1a8cab1"},
]

[package.dependencies]
linkify-it-py = {version = ">=1,<3", optional = true, markers = "extra == \"linkify\""}
mdit-py-plugins = {version = "*", optional = true, markers = "extra == \"plugins\""}
mdurl = ">=0.1,<1.0"

[package.extras]
benchmarking = ["psutil", "pytest", "pytest-benchmark"]
code-style = ["pre-commit (>=3.0,<4.0)"]
compare = ["commonmark (>=0.9,<1.0)", "markdown (>=3.4,<4.0)", "mistletoe (>=1.0,<2.0)", "mistune (>=2.0,<3.0)", "panflute (>=2.3,<3.0)"]
linkify = ["linkify-it-py (>=1,<3)"]
plugins = ["mdit-py-plugins"]
profiling = ["gprof2dot"]
rtd = ["jupyter_sphinx", "mdit-py-plugins", "myst-parser", "pyyaml", "sphinx", "sphinx-copybutton", "sphinx-design", "sphinx_book_theme"]
testing = ["coverage", "pytest", "pytest-cov", "pytest-regressions"]

[[package]]
name = "mdit-py-plugins"
version = "0.4.1"
description = "Collection of plugins for markdown-it-py"
optional = false
python-versions = ">=3.8"
files = [
    {file = "mdit_py_plugins-0.4.1-py3-none-any.whl", hash = "sha256:1020dfe4e6bfc2c79fb49ae4e3f5b297f5ccd20f010187acc52af2921e27dc6a"},
    {file = "mdit_py_plugins-0.4.1.tar.gz", hash = "sha256:834b8ac23d1cd60cec703646ffd22ae97b7955a6d596eb1d304be1e251ae499c"},
]

[package.dependencies]
markdown-it-py = ">=1.0.0,<4.0.0"

[package.extras]
code-style = ["pre-commit"]
rtd = ["myst-parser", "sphinx-book-theme"]
testing = ["coverage", "pytest", "pytest-cov", "pytest-regressions"]

[[package]]
name = "mdurl"
version = "0.1.2"
description = "Markdown URL utilities"
optional = false
python-versions = ">=3.7"
files = [
    {file = "mdurl-0.1.2-py3-none-any.whl", hash = "sha256:84008a41e51615a49fc9966191ff91509e3c40b939176e643fd50a5c2196b8f8"},
    {file = "mdurl-0.1.2.tar.gz", hash = "sha256:bb413d29f5eea38f31dd4754dd7377d4465116fb207585f97bf925588687c1ba"},
]

[[package]]
name = "pygments"
version = "2.18.0"
description = "Pygments is a syntax highlighting package written in Python."
optional = false
python-versions = ">=3.8"
files = [
    {file = "pygments-2.18.0-py3-none-any.whl", hash = "sha256:b8e6aca0523f3ab76fee51799c488e38782ac06eafcf95e7ba832985c8e7b13a"},
    {file = "pygments-2.18.0.tar.gz", hash = "sha256:786ff802f32e91311bff3889f6e9a86e81505fe99f2735bb6d60ae0c5004f199"},
]

[package.extras]
windows-terminal = ["colorama (>=0.4.6)"]

[[package]]
name = "python-dotenv"
version = "1.0.1"
description = "Read key-value pairs from a .env file and set them as environment variables"
optional = false
python-versions = ">=3.8"
files = [
    {file = "python-dotenv-1.0.1.tar.gz", hash = "sha256:e324ee90a023d808f1959c46bcbc04446a10ced277783dc6ee09987c37ec10ca"},
    {file = "python_dotenv-1.0.1-py3-none-any.whl", hash = "sha256:f7b63ef50f1b690dddf550d03497b66d609393b40b564ed0d674909a68ebf16a"},
]

[package.extras]
cli = ["click (>=5.0)"]

[[package]]
name = "rich"
version = "13.7.1"
description = "Render rich text, tables, progress bars, syntax highlighting, markdown and more to the terminal"
optional = false
python-versions = ">=3.7.0"
files = [
    {file = "rich-13.7.1-py3-none-any.whl", hash = "sha256:4edbae314f59eb482f54e9e30bf00d33350aaa94f4bfcd4e9e3110e64d0d7222"},
    {file = "rich-13.7.1.tar.gz", hash = "sha256:9be308cb1fe2f1f57d67ce99e95af38a1e2bc71ad9813b0e247cf7ffbcc3a432"},
]

[package.dependencies]
markdown-it-py = ">=2.2.0"
pygments = ">=2.13.0,<3.0.0"

[package.extras]
jupyter = ["ipywidgets (>=7.5.1,<9)"]

[[package]]
name = "textual"
version = "0.73.0"
description = "Modern Text User Interface framework"
optional = false
python-versions = "<4.0,>=3.8"
files = [
    {file = "textual-0.73.0-py3-none-any.whl", hash = "sha256:4d93d80d203f7fb7ba51828a546e8777019700d529a1b405ceee313dea2edfc2"},
    {file = "textual-0.73.0.tar.gz", hash = "sha256:ccd1e873370577f557dfdf2b3411f2a4f68b57d4365f9d83a00d084afb15f5a6"},
]

[package.dependencies]
markdown-it-py = {version = ">=2.1.0", extras = ["linkify", "plugins"]}
rich = ">=13.3.3"
typing-extensions = ">=4.4.0,<5.0.0"

[package.extras]
syntax = ["tree-sitter (>=0.20.1,<0.21.0)", "tree-sitter-languages (==1.10.2)"]

[[package]]
name = "typing-extensions"
version = "4.12.2"
description = "Backported and Experimental Type Hints for Python 3.8+"
optional = false
python-versions = ">=3.8"
files = [
    {file = "typing_extensions-4.12.2-py3-none-any.whl", hash = "sha256:04e5ca0351e0f3f85c6853954072df659d0d13fac324d0072316b67d7794700d"},
    {file = "typing_extensions-4.12.2.tar.gz", hash = "sha256:1a7ead55c7e559dd4dee8856e3a88b41225abfe1ce8df57b7c13915fe121ffb8"},
]

[[package]]
name = "uc-micro-py"
version = "1.0.3"
description = "Micro subset of unicode data files for linkify-it-py projects."
optional = false
python-versions = ">=3.7"
files = [
    {file = "uc-micro-py-1.0.3.tar.gz", hash = "sha256:d321b92cff673ec58027c04015fcaa8bb1e005478643ff4a500882eaab88c48a"},
    {file = "uc_micro_py-1.0.3-py3-none-any.whl", hash = "sha256:db1dffff340817673d7b466ec86114a9dc0e9d4d9b5ba229d9d60e5c12600cd5"},
]

[package.extras]
test = ["coverage", "pytest", "pytest-cov"]

[metadata]
lock-version = "2.0"
python-versions = "^3.12"
content-hash = "928d6d4f9d59d9f0656ea3dcff842a4672121e7cbe7742b6ccde6a289cbe5f1b"
